{
  "name": "abelb_dev",
  "version": "1.0.0",
  "lockfileVersion": 2,
  "requires": true,
  "packages": {
    "": {
      "name": "abelb_dev",
      "version": "1.0.0",
      "license": "ISC",
      "dependencies": {
        "compass": "^0.1.1"
      }
    },
    "node_modules/compass": {
      "version": "0.1.1",
      "resolved": "https://registry.npmjs.org/compass/-/compass-0.1.1.tgz",
      "integrity": "sha1-XFbV60QtEMGtWYnvXF6SXbYMYOE="
    }
  },
  "dependencies": {
    "compass": {
      "version": "0.1.1",
      "resolved": "https://registry.npmjs.org/compass/-/compass-0.1.1.tgz",
      "integrity": "sha1-XFbV60QtEMGtWYnvXF6SXbYMYOE="
    }
  }
}
